
Microsoft Visual Studio Solution File, Format Version 12.00
# Visual Studio 2013
VisualStudioVersion = 12.0.31101.0
MinimumVisualStudioVersion = 10.0.40219.1
Project("{FAE04EC0-301F-11D3-BF4B-00C04F79EFBC}") = "Zharkova.Nsudotnet.LinesCounter", "Zharkova.Nsudotnet.LinesCounter.csproj", "{0726FE1D-4BB7-44AD-A409-DCC80E1C0A0B}"
EndProject
Global
	GlobalSection(SolutionConfigurationPlatforms) = preSolution
		Debug|Any CPU = Debug|Any CPU
		Release|Any CPU = Release|Any CPU
	EndGlobalSection
	GlobalSection(ProjectConfigurationPlatforms) = postSolution
		{0726FE1D-4BB7-44AD-A409-DCC80E1C0A0B}.Debug|Any CPU.ActiveCfg = Debug|Any CPU
		{0726FE1D-4BB7-44AD-A409-DCC80E1C0A0B}.Debug|Any CPU.Build.0 = Debug|Any CPU
		{0726FE1D-4BB7-44AD-A409-DCC80E1C0A0B}.Release|Any CPU.ActiveCfg = Release|Any CPU
		{0726FE1D-4BB7-44AD-A409-DCC80E1C0A0B}.Release|Any CPU.Build.0 = Release|Any CPU
	EndGlobalSection
	GlobalSection(SolutionProperties) = preSolution
		HideSolutionNode = FALSE
	EndGlobalSection
EndGlobal
